
Microsoft Visual Studio Solution File, Format Version 12.00
# Visual Studio Version 17
VisualStudioVersion = 17.6.33815.320
MinimumVisualStudioVersion = 10.0.40219.1
Project("{FAE04EC0-301F-11D3-BF4B-00C04F79EFBC}") = "MainApp_assignment23", "MainApp_assignment23\MainApp_assignment23.csproj", "{A34CD589-52E9-4A19-AC33-4C6A5725A4A0}"
EndProject
Global
	GlobalSection(SolutionConfigurationPlatforms) = preSolution
		Debug|Any CPU = Debug|Any CPU
		Release|Any CPU = Release|Any CPU
	EndGlobalSection
	GlobalSection(ProjectConfigurationPlatforms) = postSolution
		{A34CD589-52E9-4A19-AC33-4C6A5725A4A0}.Debug|Any CPU.ActiveCfg = Debug|Any CPU
		{A34CD589-52E9-4A19-AC33-4C6A5725A4A0}.Debug|Any CPU.Build.0 = Debug|Any CPU
		{A34CD589-52E9-4A19-AC33-4C6A5725A4A0}.Release|Any CPU.ActiveCfg = Release|Any CPU
		{A34CD589-52E9-4A19-AC33-4C6A5725A4A0}.Release|Any CPU.Build.0 = Release|Any CPU
	EndGlobalSection
	GlobalSection(SolutionProperties) = preSolution
		HideSolutionNode = FALSE
	EndGlobalSection
	GlobalSection(ExtensibilityGlobals) = postSolution
		SolutionGuid = {B221CF14-D7D3-40D7-8D24-38400E0467DC}
	EndGlobalSection
EndGlobal
